Microsoft Visual Studio Solution File, Format Version 12.00
# Visual Studio Version 17
VisualStudioVersion = 17.5.2.0
MinimumVisualStudioVersion = 10.0.40219.1
Project("{FAE04EC0-301F-11D3-BF4B-00C04F79EFBC}") = "StatusApi", "StatusApi.csproj", "{DAB6B419-1001-26CF-EE28-9A6848D2932C}"
EndProject
Global
	GlobalSection(SolutionConfigurationPlatforms) = preSolution
		Debug|Any CPU = Debug|Any CPU
		Release|Any CPU = Release|Any CPU
	EndGlobalSection
	GlobalSection(ProjectConfigurationPlatforms) = postSolution
		{DAB6B419-1001-26CF-EE28-9A6848D2932C}.Debug|Any CPU.ActiveCfg = Debug|Any CPU
		{DAB6B419-1001-26CF-EE28-9A6848D2932C}.Debug|Any CPU.Build.0 = Debug|Any CPU
		{DAB6B419-1001-26CF-EE28-9A6848D2932C}.Release|Any CPU.ActiveCfg = Release|Any CPU
		{DAB6B419-1001-26CF-EE28-9A6848D2932C}.Release|Any CPU.Build.0 = Release|Any CPU
	EndGlobalSection
	GlobalSection(SolutionProperties) = preSolution
		HideSolutionNode = FALSE
	EndGlobalSection
	GlobalSection(ExtensibilityGlobals) = postSolution
		SolutionGuid = {465260AB-5A3C-4A1D-A534-99AB16F6107D}
	EndGlobalSection
EndGlobal
